{
  "version": 1,
  "dependencies": {
    "net7.0": {
      "Microsoft.AspNetCore.Authentication.JwtBearer": {
        "type": "Direct",
        "requested": "[7.0.0, )",
        "resolved": "7.0.0",
        "contentHash": "q2suMVl1gO6rBJkV7rxm0F2sBufValm2RKxY3zoWN4y6cAufDJYmzpLWPKju3kKFJFKNgivWgoTw0dvf4W5QDQ==",
        "dependencies": {
          "Microsoft.IdentityModel.Protocols.OpenIdConnect": "6.15.1"
        }
      },
      "Microsoft.AspNetCore.Identity.EntityFrameworkCore": {
        "type": "Direct",
        "requested": "[7.0.0, )",
        "resolved": "7.0.0",
        "contentHash": "mtomuG24wGpvdblVQUj/JHIZ1i8oNhRNHr0V0re8fTkv15hz+AQLdtwbdd6FdINNeXiKi3kGmzZ7PE1KOyzoSg==",
        "dependencies": {
          "Microsoft.EntityFrameworkCore.Relational": "7.0.0",
          "Microsoft.Extensions.Identity.Stores": "7.0.0"
        }
      },
      "Microsoft.AspNetCore.SignalR": {
        "type": "Direct",
        "requested": "[1.1.0, )",
        "resolved": "1.1.0",
        "contentHash": "V5X5XkeAHaFyyBOGPrddVeqTNo6zRPJNS5PRhlzEyBXiNG9AtqUbMyWFdZahQyMiIWJau550z59A4kdC9g5I9A==",
        "dependencies": {
          "Microsoft.AspNetCore.Http.Connections": "1.1.0",
          "Microsoft.AspNetCore.SignalR.Core": "1.1.0"
        }
      },
      "Microsoft.EntityFrameworkCore.InMemory": {
        "type": "Direct",
        "requested": "[7.0.0, )",
        "resolved": "7.0.0",
        "contentHash": "di7I9EUk+ibG2N7Ns4ecUK6Mz7HED7qik3jSbBIhdKXcU3ansXJEAAlOdM7xfRDzozs5elSLk9qQuHCbYwI1yA==",
        "dependencies": {
          "Microsoft.EntityFrameworkCore": "7.0.0"
        }
      },
      "Microsoft.AspNetCore.Authentication.Abstractions": {
        "type": "Transitive",
        "resolved": "2.2.0",
        "contentHash": "VloMLDJMf3n/9ic5lCBOa42IBYJgyB1JhzLsL68Zqg+2bEPWfGBj/xCJy/LrKTArN0coOcZp3wyVTZlx0y9pHQ==",
        "dependencies": {
          "Microsoft.AspNetCore.Http.Abstractions": "2.2.0",
          "Microsoft.Extensions.Logging.Abstractions": "2.2.0",
          "Microsoft.Extensions.Options": "2.2.0"
        }
      },
      "Microsoft.AspNetCore.Authorization": {
        "type": "Transitive",
        "resolved": "2.2.0",
        "contentHash": "/L0W8H3jMYWyaeA9gBJqS/tSWBegP9aaTM0mjRhxTttBY9z4RVDRYJ2CwPAmAXIuPr3r1sOw+CS8jFVRGHRezQ==",
        "dependencies": {
          "Microsoft.Extensions.Logging.Abstractions": "2.2.0",
          "Microsoft.Extensions.Options": "2.2.0"
        }
      },
      "Microsoft.AspNetCore.Authorization.Policy": {
        "type": "Transitive",
        "resolved": "2.2.0",
        "contentHash": "aJCo6niDRKuNg2uS2WMEmhJTooQUGARhV2ENQ2tO5443zVHUo19MSgrgGo9FIrfD+4yKPF8Q+FF33WkWfPbyKw==",
        "dependencies": {
          "Microsoft.AspNetCore.Authentication.Abstractions": "2.2.0",
          "Microsoft.AspNetCore.Authorization": "2.2.0"
        }
      },
      "Microsoft.AspNetCore.Connections.Abstractions": {
        "type": "Transitive",
        "resolved": "2.2.0",
        "contentHash": "Aqr/16Cu5XmGv7mLKJvXRxhhd05UJ7cTTSaUV4MZ3ynAzfgWjsAdpIU8FWuxwAjmVdmI8oOWuVDrbs+sRkhKnA==",
        "dependencies": {
          "Microsoft.AspNetCore.Http.Features": "2.2.0",
          "System.IO.Pipelines": "4.5.2"
        }
      },
      "Microsoft.AspNetCore.Cryptography.Internal": {
        "type": "Transitive",
        "resolved": "7.0.0",
        "contentHash": "hFF+HOqtiNrGtO5ZxLVAFo1ksDLQWf8IHEmGRmcF9azlUWvDLZp8+W8gDyLBcGcY5m3ugEvKy/ncElxO4d0NtQ=="
      },
      "Microsoft.AspNetCore.Cryptography.KeyDerivation": {
        "type": "Transitive",
        "resolved": "7.0.0",
        "contentHash": "rCQddWkUxGmObeftM0YVyFOPcXkXDEWKGCc4F1viRLEL4ojIbdKwbOYBSf5hfWDR+NO0aGq8r3a8COvNYN/bZA==",
        "dependencies": {
          "Microsoft.AspNetCore.Cryptography.Internal": "7.0.0"
        }
      },
      "Microsoft.AspNetCore.Hosting.Abstractions": {
        "type": "Transitive",
        "resolved": "2.2.0",
        "contentHash": "ubycklv+ZY7Kutdwuy1W4upWcZ6VFR8WUXU7l7B2+mvbDBBPAcfpi+E+Y5GFe+Q157YfA3C49D2GCjAZc7Mobw==",
        "dependencies": {
          "Microsoft.AspNetCore.Hosting.Server.Abstractions": "2.2.0",
          "Microsoft.AspNetCore.Http.Abstractions": "2.2.0",
          "Microsoft.Extensions.Hosting.Abstractions": "2.2.0"
        }
      },
      "Microsoft.AspNetCore.Hosting.Server.Abstractions": {
        "type": "Transitive",
        "resolved": "2.2.0",
        "contentHash": "1PMijw8RMtuQF60SsD/JlKtVfvh4NORAhF4wjysdABhlhTrYmtgssqyncR0Stq5vqtjplZcj6kbT4LRTglt9IQ==",
        "dependencies": {
          "Microsoft.AspNetCore.Http.Features": "2.2.0",
          "Microsoft.Extensions.Configuration.Abstractions": "2.2.0"
        }
      },
      "Microsoft.AspNetCore.Http": {
        "type": "Transitive",
        "resolved": "2.2.0",
        "contentHash": "YogBSMotWPAS/X5967pZ+yyWPQkThxhmzAwyCHCSSldzYBkW5W5d6oPfBaPqQOnSHYTpSOSOkpZoAce0vwb6+A==",
        "dependencies": {
          "Microsoft.AspNetCore.Http.Abstractions": "2.2.0",
          "Microsoft.AspNetCore.WebUtilities": "2.2.0",
          "Microsoft.Extensions.ObjectPool": "2.2.0",
          "Microsoft.Extensions.Options": "2.2.0",
          "Microsoft.Net.Http.Headers": "2.2.0"
        }
      },
      "Microsoft.AspNetCore.Http.Abstractions": {
        "type": "Transitive",
        "resolved": "2.2.0",
        "contentHash": "Nxs7Z1q3f1STfLYKJSVXCs1iBl+Ya6E8o4Oy1bCxJ/rNI44E/0f6tbsrVqAWfB7jlnJfyaAtIalBVxPKUPQb4Q==",
        "dependencies": {
          "Microsoft.AspNetCore.Http.Features": "2.2.0",
          "System.Text.Encodings.Web": "4.5.0"
        }
      },
      "Microsoft.AspNetCore.Http.Connections": {
        "type": "Transitive",
        "resolved": "1.1.0",
        "contentHash": "ZcwAM9rE5yjGC+vtiNAK0INybpKIqnvB+/rntZn2/CPtyiBAtovVrEp4UZOoC31zH5t0P78ix9gLNJzII/ODsA==",
        "dependencies": {
          "Microsoft.AspNetCore.Authorization.Policy": "2.2.0",
          "Microsoft.AspNetCore.Hosting.Abstractions": "2.2.0",
          "Microsoft.AspNetCore.Http": "2.2.0",
          "Microsoft.AspNetCore.Http.Connections.Common": "1.1.0",
          "Microsoft.AspNetCore.Routing": "2.2.0",
          "Microsoft.AspNetCore.WebSockets": "2.2.0",
          "Newtonsoft.Json": "11.0.2",
          "System.Security.Principal.Windows": "4.5.0"
        }
      },
      "Microsoft.AspNetCore.Http.Connections.Common": {
        "type": "Transitive",
        "resolved": "1.1.0",
        "contentHash": "mYk5QUUjyXQmlyDHWDjkLYDArt97plwe6KsDsNVhDEQ+HgZMKGjISyM6YSA7BERQNR25kXBTbIYfSy1vePGQgg==",
        "dependencies": {
          "Microsoft.AspNetCore.Connections.Abstractions": "2.2.0",
          "Newtonsoft.Json": "11.0.2",
          "System.Buffers": "4.5.0"
        }
      },
      "Microsoft.AspNetCore.Http.Extensions": {
        "type": "Transitive",
        "resolved": "2.2.0",
        "contentHash": "2DgZ9rWrJtuR7RYiew01nGRzuQBDaGHGmK56Rk54vsLLsCdzuFUPqbDTJCS1qJQWTbmbIQ9wGIOjpxA1t0l7/w==",
        "dependencies": {
          "Microsoft.AspNetCore.Http.Abstractions": "2.2.0",
          "Microsoft.Extensions.FileProviders.Abstractions": "2.2.0",
          "Microsoft.Net.Http.Headers": "2.2.0",
          "System.Buffers": "4.5.0"
        }
      },
      "Microsoft.AspNetCore.Http.Features": {
        "type": "Transitive",
        "resolved": "2.2.0",
        "contentHash": "ziFz5zH8f33En4dX81LW84I6XrYXKf9jg6aM39cM+LffN9KJahViKZ61dGMSO2gd3e+qe5yBRwsesvyqlZaSMg==",
        "dependencies": {
          "Microsoft.Extensions.Primitives": "2.2.0"
        }
      },
      "Microsoft.AspNetCore.Routing": {
        "type": "Transitive",
        "resolved": "2.2.0",
        "contentHash": "jAhDBy0wryOnMhhZTtT9z63gJbvCzFuLm8yC6pHzuVu9ZD1dzg0ltxIwT4cfwuNkIL/TixdKsm3vpVOpG8euWQ==",
        "dependencies": {
          "Microsoft.AspNetCore.Http.Extensions": "2.2.0",
          "Microsoft.AspNetCore.Routing.Abstractions": "2.2.0",
          "Microsoft.Extensions.Logging.Abstractions": "2.2.0",
          "Microsoft.Extensions.ObjectPool": "2.2.0",
          "Microsoft.Extensions.Options": "2.2.0"
        }
      },
      "Microsoft.AspNetCore.Routing.Abstractions": {
        "type": "Transitive",
        "resolved": "2.2.0",
        "contentHash": "lRRaPN7jDlUCVCp9i0W+PB0trFaKB0bgMJD7hEJS9Uo4R9MXaMC8X2tJhPLmeVE3SGDdYI4QNKdVmhNvMJGgPQ==",
        "dependencies": {
          "Microsoft.AspNetCore.Http.Abstractions": "2.2.0"
        }
      },
      "Microsoft.AspNetCore.SignalR.Common": {
        "type": "Transitive",
        "resolved": "1.1.0",
        "contentHash": "TyLgQ4y4RVUIxiYFnHT181/rJ33/tL/NcBWC9BwLpulDt5/yGCG4EvsToZ49EBQ7256zj+R6OGw6JF+jj6MdPQ==",
        "dependencies": {
          "Microsoft.AspNetCore.Connections.Abstractions": "2.2.0",
          "Microsoft.Extensions.Options": "2.2.0",
          "Newtonsoft.Json": "11.0.2",
          "System.Buffers": "4.5.0"
        }
      },
      "Microsoft.AspNetCore.SignalR.Core": {
        "type": "Transitive",
        "resolved": "1.1.0",
        "contentHash": "mk69z50oFk2e89d3F/AfKeAvP3kvGG7MHG4ErydZiUd3ncSRq0kl0czq/COn/QVKYua9yGr2LIDwuR1C6/pu8Q==",
        "dependencies": {
          "Microsoft.AspNetCore.Authorization": "2.2.0",
          "Microsoft.AspNetCore.SignalR.Common": "1.1.0",
          "Microsoft.AspNetCore.SignalR.Protocols.Json": "1.1.0",
          "Microsoft.Extensions.DependencyInjection.Abstractions": "2.2.0",
          "Microsoft.Extensions.Logging.Abstractions": "2.2.0",
          "System.Reflection.Emit": "4.3.0",
          "System.Threading.Channels": "4.5.0"
        }
      },
      "Microsoft.AspNetCore.SignalR.Protocols.Json": {
        "type": "Transitive",
        "resolved": "1.1.0",
        "contentHash": "BOsjatDJnvnnXCMajOlC0ISmiFnJi/EyJzMo0i//5fZJVCLrQ4fyV/HzrhhAhSJuwJOQDdDozKQ9MB9jHq84pg==",
        "dependencies": {
          "Microsoft.AspNetCore.SignalR.Common": "1.1.0",
          "Newtonsoft.Json": "11.0.2"
        }
      },
      "Microsoft.AspNetCore.WebSockets": {
        "type": "Transitive",
        "resolved": "2.2.0",
        "contentHash": "ZpOcg2V0rCwU9ErfDb9y3Hcjoe7rU42XlmUS0mO4pVZQSgJVqR+DfyZtYd5LDa11F7bFNS2eezI9cBM3CmfGhw==",
        "dependencies": {
          "Microsoft.AspNetCore.Http.Extensions": "2.2.0",
          "Microsoft.Extensions.Logging.Abstractions": "2.2.0",
          "Microsoft.Extensions.Options": "2.2.0",
          "System.Net.WebSockets.WebSocketProtocol": "4.5.1"
        }
      },
      "Microsoft.AspNetCore.WebUtilities": {
        "type": "Transitive",
        "resolved": "2.2.0",
        "contentHash": "9ErxAAKaDzxXASB/b5uLEkLgUWv1QbeVxyJYEHQwMaxXOeFFVkQxiq8RyfVcifLU7NR0QY0p3acqx4ZpYfhHDg==",
        "dependencies": {
          "Microsoft.Net.Http.Headers": "2.2.0",
          "System.Text.Encodings.Web": "4.5.0"
        }
      },
      "Microsoft.CSharp": {
        "type": "Transitive",
        "resolved": "4.5.0",
        "contentHash": "kaj6Wb4qoMuH3HySFJhxwQfe8R/sJsNJnANrvv8WdFPMoNbKY5htfNscv+LHCu5ipz+49m2e+WQXpLXr9XYemQ=="
      },
      "Microsoft.EntityFrameworkCore": {
        "type": "Transitive",
        "resolved": "7.0.0",
        "contentHash": "9W+IfmAzMrp2ZpKZLhgTlWljSBM9Erldis1us61DAGi+L7Q6vilTbe1G2zDxtYO8F2H0I0Qnupdx5Cp4s2xoZw==",
        "dependencies": {
          "Microsoft.EntityFrameworkCore.Abstractions": "7.0.0",
          "Microsoft.EntityFrameworkCore.Analyzers": "7.0.0",
          "Microsoft.Extensions.Caching.Memory": "7.0.0",
          "Microsoft.Extensions.DependencyInjection": "7.0.0",
          "Microsoft.Extensions.Logging": "7.0.0"
        }
      },
      "Microsoft.EntityFrameworkCore.Abstractions": {
        "type": "Transitive",
        "resolved": "7.0.0",
        "contentHash": "Pfu3Zjj5+d2Gt27oE9dpGiF/VobBB+s5ogrfI9sBsXQE1SG49RqVz5+IyeNnzhyejFrPIQsPDRMchhcojy4Hbw=="
      },
      "Microsoft.EntityFrameworkCore.Analyzers": {
        "type": "Transitive",
        "resolved": "7.0.0",
        "contentHash": "Qkd2H+jLe37o5ku+LjT6qf7kAHY75Yfn2bBDQgqr13DTOLYpEy1Mt93KPFjaZvIu/srEcbfGGMRL7urKm5zN8Q=="
      },
      "Microsoft.EntityFrameworkCore.Relational": {
        "type": "Transitive",
        "resolved": "7.0.0",
        "contentHash": "eQiYygtR2xZ0Uy7KtiFRHpoEx/U8xNwbNRgu1pEJgSxbJLtg6tDL1y2YcIbSuIRSNEljXIIHq/apEhGm1QL70g==",
        "dependencies": {
          "Microsoft.EntityFrameworkCore": "7.0.0",
          "Microsoft.Extensions.Configuration.Abstractions": "7.0.0"
        }
      },
      "Microsoft.Extensions.Caching.Abstractions": {
        "type": "Transitive",
        "resolved": "7.0.0",
        "contentHash": "IeimUd0TNbhB4ded3AbgBLQv2SnsiVugDyGV1MvspQFVlA07nDC7Zul7kcwH5jWN3JiTcp/ySE83AIJo8yfKjg==",
        "dependencies": {
          "Microsoft.Extensions.Primitives": "7.0.0"
        }
      },
      "Microsoft.Extensions.Caching.Memory": {
        "type": "Transitive",
        "resolved": "7.0.0",
        "contentHash": "xpidBs2KCE2gw1JrD0quHE72kvCaI3xFql5/Peb2GRtUuZX+dYPoK/NTdVMiM67Svym0M0Df9A3xyU0FbMQhHw==",
        "dependencies": {
          "Microsoft.Extensions.Caching.Abstractions": "7.0.0",
          "Microsoft.Extensions.DependencyInjection.Abstractions": "7.0.0",
          "Microsoft.Extensions.Logging.Abstractions": "7.0.0",
          "Microsoft.Extensions.Options": "7.0.0",
          "Microsoft.Extensions.Primitives": "7.0.0"
        }
      },
      "Microsoft.Extensions.Configuration.Abstractions": {
        "type": "Transitive",
        "resolved": "7.0.0",
        "contentHash": "f34u2eaqIjNO9YLHBz8rozVZ+TcFiFs0F3r7nUJd7FRkVSxk8u4OpoK226mi49MwexHOR2ibP9MFvRUaLilcQQ==",
        "dependencies": {
          "Microsoft.Extensions.Primitives": "7.0.0"
        }
      },
      "Microsoft.Extensions.DependencyInjection": {
        "type": "Transitive",
        "resolved": "7.0.0",
        "contentHash": "elNeOmkeX3eDVG6pYVeV82p29hr+UKDaBhrZyWvWLw/EVZSYEkZlQdkp0V39k/Xehs2Qa0mvoCvkVj3eQxNQ1Q==",
        "dependencies": {
          "Microsoft.Extensions.DependencyInjection.Abstractions": "7.0.0"
        }
      },
      "Microsoft.Extensions.DependencyInjection.Abstractions": {
        "type": "Transitive",
        "resolved": "7.0.0",
        "contentHash": "h3j/QfmFN4S0w4C2A6X7arXij/M/OVw3uQHSOFxnND4DyAzO1F9eMX7Eti7lU/OkSthEE0WzRsfT/Dmx86jzCw=="
      },
      "Microsoft.Extensions.FileProviders.Abstractions": {
        "type": "Transitive",
        "resolved": "2.2.0",
        "contentHash": "EcnaSsPTqx2MGnHrmWOD0ugbuuqVT8iICqSqPzi45V5/MA1LjUNb0kwgcxBGqizV1R+WeBK7/Gw25Jzkyk9bIw==",
        "dependencies": {
          "Microsoft.Extensions.Primitives": "2.2.0"
        }
      },
      "Microsoft.Extensions.Hosting.Abstractions": {
        "type": "Transitive",
        "resolved": "2.2.0",
        "contentHash": "+k4AEn68HOJat5gj1TWa6X28WlirNQO9sPIIeQbia+91n03esEtMSSoekSTpMjUzjqtJWQN3McVx0GvSPFHF/Q==",
        "dependencies": {
          "Microsoft.Extensions.Configuration.Abstractions": "2.2.0",
          "Microsoft.Extensions.DependencyInjection.Abstractions": "2.2.0",
          "Microsoft.Extensions.FileProviders.Abstractions": "2.2.0",
          "Microsoft.Extensions.Logging.Abstractions": "2.2.0"
        }
      },
      "Microsoft.Extensions.Identity.Core": {
        "type": "Transitive",
        "resolved": "7.0.0",
        "contentHash": "cq11jroq2szFcXLJ0IW5BlI7oqq3ZGCu1mXCnpJ8VIvhvpIzf30AOoWR/w3YRVdAgkYzxbUQpKGZd+oxAKQhLA==",
        "dependencies": {
          "Microsoft.AspNetCore.Cryptography.KeyDerivation": "7.0.0",
          "Microsoft.Extensions.Logging": "7.0.0",
          "Microsoft.Extensions.Options": "7.0.0"
        }
      },
      "Microsoft.Extensions.Identity.Stores": {
        "type": "Transitive",
        "resolved": "7.0.0",
        "contentHash": "feaaluQbzJAMMluwSc7Rebm7IEVAD8/5GWt0dMYLE0tcc6gAsHYjBIBrPzmTstORd7k405Qo18FPF/jTfRsM0A==",
        "dependencies": {
          "Microsoft.Extensions.Caching.Abstractions": "7.0.0",
          "Microsoft.Extensions.Identity.Core": "7.0.0",
          "Microsoft.Extensions.Logging": "7.0.0"
        }
      },
      "Microsoft.Extensions.Logging": {
        "type": "Transitive",
        "resolved": "7.0.0",
        "contentHash": "Nw2muoNrOG5U5qa2ZekXwudUn2BJcD41e65zwmDHb1fQegTX66UokLWZkJRpqSSHXDOWZ5V0iqhbxOEky91atA==",
        "dependencies": {
          "Microsoft.Extensions.DependencyInjection": "7.0.0",
          "Microsoft.Extensions.DependencyInjection.Abstractions": "7.0.0",
          "Microsoft.Extensions.Logging.Abstractions": "7.0.0",
          "Microsoft.Extensions.Options": "7.0.0"
        }
      },
      "Microsoft.Extensions.Logging.Abstractions": {
        "type": "Transitive",
        "resolved": "7.0.0",
        "contentHash": "kmn78+LPVMOWeITUjIlfxUPDsI0R6G0RkeAMBmQxAJ7vBJn4q2dTva7pWi65ceN5vPGjJ9q/Uae2WKgvfktJAw=="
      },
      "Microsoft.Extensions.ObjectPool": {
        "type": "Transitive",
        "resolved": "2.2.0",
        "contentHash": "gA8H7uQOnM5gb+L0uTNjViHYr+hRDqCdfugheGo/MxQnuHzmhhzCBTIPm19qL1z1Xe0NEMabfcOBGv9QghlZ8g=="
      },
      "Microsoft.Extensions.Options": {
        "type": "Transitive",
        "resolved": "7.0.0",
        "contentHash": "lP1yBnTTU42cKpMozuafbvNtQ7QcBjr/CcK3bYOGEMH55Fjt+iecXjT6chR7vbgCMqy3PG3aNQSZgo/EuY/9qQ==",
        "dependencies": {
          "Microsoft.Extensions.DependencyInjection.Abstractions": "7.0.0",
          "Microsoft.Extensions.Primitives": "7.0.0"
        }
      },
      "Microsoft.Extensions.Primitives": {
        "type": "Transitive",
        "resolved": "7.0.0",
        "contentHash": "um1KU5kxcRp3CNuI8o/GrZtD4AIOXDk+RLsytjZ9QPok3ttLUelLKpilVPuaFT3TFjOhSibUAso0odbOaCDj3Q=="
      },
      "Microsoft.IdentityModel.JsonWebTokens": {
        "type": "Transitive",
        "resolved": "6.15.1",
        "contentHash": "X5K/Pt02agb1V+khh5u7Q8hg02IVTshxV5owpR7UdQ9zfs0+A6qzca0F9jyv3o8SlOjEFHBabs+5cp7Noofzvg==",
        "dependencies": {
          "Microsoft.IdentityModel.Tokens": "6.15.1"
        }
      },
      "Microsoft.IdentityModel.Logging": {
        "type": "Transitive",
        "resolved": "6.15.1",
        "contentHash": "PpZHL/Bt/8vQ8g/6LxweuI1EusV0ogUBYnGM+bPeL/SG89gx2n05xKNE/U5JNEkLFLL+sk7O8T7c/PXhFtUtUg=="
      },
      "Microsoft.IdentityModel.Protocols": {
        "type": "Transitive",
        "resolved": "6.15.1",
        "contentHash": "6nHr+4yE8vj620Vy4L0pl7kmkvWc06wBrJ+AOo/gjqzu/UD/MYgySUqRGlZYrvvNmKkUWMw4hdn78MPCb4bstA==",
        "dependencies": {
          "Microsoft.IdentityModel.Logging": "6.15.1",
          "Microsoft.IdentityModel.Tokens": "6.15.1"
        }
      },
      "Microsoft.IdentityModel.Protocols.OpenIdConnect": {
        "type": "Transitive",
        "resolved": "6.15.1",
        "contentHash": "WwecgT/PNrytLNUWjkYtnnG2LXMAzkINSaZM+8dPPiEpOGz1bQDBWAenTSurYICxGoA1sOPriFXk+ocnQyprKw==",
        "dependencies": {
          "Microsoft.IdentityModel.Protocols": "6.15.1",
          "System.IdentityModel.Tokens.Jwt": "6.15.1"
        }
      },
      "Microsoft.IdentityModel.Tokens": {
        "type": "Transitive",
        "resolved": "6.15.1",
        "contentHash": "0bd0ocKuNai0/GdhboIW37R6z8I0vFqlmiPeG055SJxPPJ7dfBo2tjJ3bPV9vjFCRDuusj24dldOsg4hWui6iw==",
        "dependencies": {
          "Microsoft.CSharp": "4.5.0",
          "Microsoft.IdentityModel.Logging": "6.15.1",
          "System.Security.Cryptography.Cng": "4.5.0"
        }
      },
      "Microsoft.Net.Http.Headers": {
        "type": "Transitive",
        "resolved": "2.2.0",
        "contentHash": "iZNkjYqlo8sIOI0bQfpsSoMTmB/kyvmV2h225ihyZT33aTp48ZpF6qYnXxzSXmHt8DpBAwBTX+1s1UFLbYfZKg==",
        "dependencies": {
          "Microsoft.Extensions.Primitives": "2.2.0",
          "System.Buffers": "4.5.0"
        }
      },
      "Microsoft.NETCore.Platforms": {
        "type": "Transitive",
        "resolved": "2.0.0",
        "contentHash": "VdLJOCXhZaEMY7Hm2GKiULmn7IEPFE4XC5LPSfBVCUIA8YLZVh846gtfBJalsPQF2PlzdD7ecX7DZEulJ402ZQ=="
      },
      "Microsoft.NETCore.Targets": {
        "type": "Transitive",
        "resolved": "1.1.0",
        "contentHash": "aOZA3BWfz9RXjpzt0sRJJMjAscAUm3Hoa4UWAfceV9UTYxgwZ1lZt5nO2myFf+/jetYQo4uTP7zS8sJY67BBxg=="
      },
      "Newtonsoft.Json": {
        "type": "Transitive",
        "resolved": "11.0.2",
        "contentHash": "IvJe1pj7JHEsP8B8J8DwlMEx8UInrs/x+9oVY+oCD13jpLu4JbJU2WCIsMRn5C4yW9+DgkaO8uiVE5VHKjpmdQ=="
      },
      "System.Buffers": {
        "type": "Transitive",
        "resolved": "4.5.0",
        "contentHash": "pL2ChpaRRWI/p4LXyy4RgeWlYF2sgfj/pnVMvBqwNFr5cXg7CXNnWZWxrOONLg8VGdFB8oB+EG2Qw4MLgTOe+A=="
      },
      "System.IdentityModel.Tokens.Jwt": {
        "type": "Transitive",
        "resolved": "6.15.1",
        "contentHash": "q3ZLyWmpX4+jW4XITf7Axd+9sC6w2NrQaKcQQT9A8waoknHgaNwSeookpUmPMQDqS0afT9Lh0JYub196vzuzbA==",
        "dependencies": {
          "Microsoft.IdentityModel.JsonWebTokens": "6.15.1",
          "Microsoft.IdentityModel.Tokens": "6.15.1"
        }
      },
      "System.IO": {
        "type": "Transitive",
        "resolved": "4.3.0",
        "contentHash": "3qjaHvxQPDpSOYICjUoTsmoq5u6QJAFRUITgeT/4gqkF1bajbSmb1kwSxEA8AHlofqgcKJcM8udgieRNhaJ5Cg==",
        "dependencies": {
          "Microsoft.NETCore.Platforms": "1.1.0",
          "Microsoft.NETCore.Targets": "1.1.0",
          "System.Runtime": "4.3.0",
          "System.Text.Encoding": "4.3.0",
          "System.Threading.Tasks": "4.3.0"
        }
      },
      "System.IO.Pipelines": {
        "type": "Transitive",
        "resolved": "4.5.2",
        "contentHash": "NOC/SO4gSX6t0tB25xxDPqPEzkksuzW7NVFBTQGAkjXXUPQl7ZtyE83T7tUCP2huFBbPombfCKvq1Ox1aG8D9w=="
      },
      "System.Net.WebSockets.WebSocketProtocol": {
        "type": "Transitive",
        "resolved": "4.5.1",
        "contentHash": "FquLjdb/0CeMqb15u9Px6TwnyFl306WztKWu6sKKc5kWPYMdpi5BFEkdxzGoieYFp9UksyGwJnCw4KKAUfJjrw=="
      },
      "System.Reflection": {
        "type": "Transitive",
        "resolved": "4.3.0",
        "contentHash": "KMiAFoW7MfJGa9nDFNcfu+FpEdiHpWgTcS2HdMpDvt9saK3y/G4GwprPyzqjFH9NTaGPQeWNHU+iDlDILj96aQ==",
        "dependencies": {
          "Microsoft.NETCore.Platforms": "1.1.0",
          "Microsoft.NETCore.Targets": "1.1.0",
          "System.IO": "4.3.0",
          "System.Reflection.Primitives": "4.3.0",
          "System.Runtime": "4.3.0"
        }
      },
      "System.Reflection.Emit": {
        "type": "Transitive",
        "resolved": "4.3.0",
        "contentHash": "228FG0jLcIwTVJyz8CLFKueVqQK36ANazUManGaJHkO0icjiIypKW7YLWLIWahyIkdh5M7mV2dJepllLyA1SKg==",
        "dependencies": {
          "System.IO": "4.3.0",
          "System.Reflection": "4.3.0",
          "System.Reflection.Emit.ILGeneration": "4.3.0",
          "System.Reflection.Primitives": "4.3.0",
          "System.Runtime": "4.3.0"
        }
      },
      "System.Reflection.Emit.ILGeneration": {
        "type": "Transitive",
        "resolved": "4.3.0",
        "contentHash": "59tBslAk9733NXLrUJrwNZEzbMAcu8k344OYo+wfSVygcgZ9lgBdGIzH/nrg3LYhXceynyvTc8t5/GD4Ri0/ng==",
        "dependencies": {
          "System.Reflection": "4.3.0",
          "System.Reflection.Primitives": "4.3.0",
          "System.Runtime": "4.3.0"
        }
      },
      "System.Reflection.Primitives": {
        "type": "Transitive",
        "resolved": "4.3.0",
        "contentHash": "5RXItQz5As4xN2/YUDxdpsEkMhvw3e6aNveFXUn4Hl/udNTCNhnKp8lT9fnc3MhvGKh1baak5CovpuQUXHAlIA==",
        "dependencies": {
          "Microsoft.NETCore.Platforms": "1.1.0",
          "Microsoft.NETCore.Targets": "1.1.0",
          "System.Runtime": "4.3.0"
        }
      },
      "System.Runtime": {
        "type": "Transitive",
        "resolved": "4.3.0",
        "contentHash": "JufQi0vPQ0xGnAczR13AUFglDyVYt4Kqnz1AZaiKZ5+GICq0/1MH/mO/eAJHt/mHW1zjKBJd7kV26SrxddAhiw==",
        "dependencies": {
          "Microsoft.NETCore.Platforms": "1.1.0",
          "Microsoft.NETCore.Targets": "1.1.0"
        }
      },
      "System.Security.Cryptography.Cng": {
        "type": "Transitive",
        "resolved": "4.5.0",
        "contentHash": "WG3r7EyjUe9CMPFSs6bty5doUqT+q9pbI80hlNzo2SkPkZ4VTuZkGWjpp77JB8+uaL4DFPRdBsAY+DX3dBK92A=="
      },
      "System.Security.Principal.Windows": {
        "type": "Transitive",
        "resolved": "4.5.0",
        "contentHash": "U77HfRXlZlOeIXd//Yoj6Jnk8AXlbeisf1oq1os+hxOGVnuG+lGSfGqTwTZBoORFF6j/0q7HXIl8cqwQ9aUGqQ==",
        "dependencies": {
          "Microsoft.NETCore.Platforms": "2.0.0"
        }
      },
      "System.Text.Encoding": {
        "type": "Transitive",
        "resolved": "4.3.0",
        "contentHash": "BiIg+KWaSDOITze6jGQynxg64naAPtqGHBwDrLaCtixsa5bKiR8dpPOHA7ge3C0JJQizJE+sfkz1wV+BAKAYZw==",
        "dependencies": {
          "Microsoft.NETCore.Platforms": "1.1.0",
          "Microsoft.NETCore.Targets": "1.1.0",
          "System.Runtime": "4.3.0"
        }
      },
      "System.Text.Encodings.Web": {
        "type": "Transitive",
        "resolved": "4.5.0",
        "contentHash": "Xg4G4Indi4dqP1iuAiMSwpiWS54ZghzR644OtsRCm/m/lBMG8dUBhLVN7hLm8NNrNTR+iGbshCPTwrvxZPlm4g=="
      },
      "System.Threading.Channels": {
        "type": "Transitive",
        "resolved": "4.5.0",
        "contentHash": "MEH06N0rIGmRT4LOKQ2BmUO0IxfvmIY/PaouSq+DFQku72OL8cxfw8W99uGpTCFf2vx2QHLRSh374iSM3asdTA=="
      },
      "System.Threading.Tasks": {
        "type": "Transitive",
        "resolved": "4.3.0",
        "contentHash": "LbSxKEdOUhVe8BezB/9uOGGppt+nZf6e1VFyw6v3DN6lqitm0OSn2uXMOdtP0M3W4iMcqcivm2J6UgqiwwnXiA==",
        "dependencies": {
          "Microsoft.NETCore.Platforms": "1.1.0",
          "Microsoft.NETCore.Targets": "1.1.0",
          "System.Runtime": "4.3.0"
        }
      }
    }
  }
}